
Microsoft Visual Studio Solution File, Format Version 12.00
# Visual Studio Version 17
VisualStudioVersion = 17.2.32210.308
MinimumVisualStudioVersion = 10.0.40219.1
Project("{FAE04EC0-301F-11D3-BF4B-00C04F79EFBC}") = "master-form-blazor-server", "master-form-blazor-server\master-form-blazor-server.csproj", "{C686570E-A3A2-411F-BA1C-A8B95BD54ECE}"
EndProject
Global
	GlobalSection(SolutionConfigurationPlatforms) = preSolution
		Debug|Any CPU = Debug|Any CPU
		Release|Any CPU = Release|Any CPU
	EndGlobalSection
	GlobalSection(ProjectConfigurationPlatforms) = postSolution
		{C686570E-A3A2-411F-BA1C-A8B95BD54ECE}.Debug|Any CPU.ActiveCfg = Debug|Any CPU
		{C686570E-A3A2-411F-BA1C-A8B95BD54ECE}.Debug|Any CPU.Build.0 = Debug|Any CPU
		{C686570E-A3A2-411F-BA1C-A8B95BD54ECE}.Release|Any CPU.ActiveCfg = Release|Any CPU
		{C686570E-A3A2-411F-BA1C-A8B95BD54ECE}.Release|Any CPU.Build.0 = Release|Any CPU
	EndGlobalSection
	GlobalSection(SolutionProperties) = preSolution
		HideSolutionNode = FALSE
	EndGlobalSection
	GlobalSection(ExtensibilityGlobals) = postSolution
		SolutionGuid = {B6DEB8FB-5B9C-4EC3-B7D3-2696F4E139AB}
	EndGlobalSection
EndGlobal
